
Microsoft Visual Studio Solution File, Format Version 12.00
# Visual Studio Version 16
VisualStudioVersion = 16.0.31613.86
MinimumVisualStudioVersion = 10.0.40219.1
Project("{FAE04EC0-301F-11D3-BF4B-00C04F79EFBC}") = "Labirint_Game", "Labirint_Game.csproj", "{906D8C09-A622-4DCB-941E-16203DF0C47B}"
EndProject
Global
	GlobalSection(SolutionConfigurationPlatforms) = preSolution
		Debug|Any CPU = Debug|Any CPU
		Release|Any CPU = Release|Any CPU
	EndGlobalSection
	GlobalSection(ProjectConfigurationPlatforms) = postSolution
		{906D8C09-A622-4DCB-941E-16203DF0C47B}.Debug|Any CPU.ActiveCfg = Debug|Any CPU
		{906D8C09-A622-4DCB-941E-16203DF0C47B}.Debug|Any CPU.Build.0 = Debug|Any CPU
		{906D8C09-A622-4DCB-941E-16203DF0C47B}.Release|Any CPU.ActiveCfg = Release|Any CPU
		{906D8C09-A622-4DCB-941E-16203DF0C47B}.Release|Any CPU.Build.0 = Release|Any CPU
	EndGlobalSection
	GlobalSection(SolutionProperties) = preSolution
		HideSolutionNode = FALSE
	EndGlobalSection
	GlobalSection(ExtensibilityGlobals) = postSolution
		SolutionGuid = {4BF11887-0D39-4937-A8E7-B7BEF3EC007C}
	EndGlobalSection
EndGlobal
